// !$*UTF8*$!
{
	archiveVersion = 1;
	classes = {
	};
	objectVersion = 46;
	objects = {

/* Begin PBXBuildFile section */
		A260F5BE1DEA3A910005017B /* vauvau.cpp in Sources */ = {isa = PBXBuildFile; fileRef = A260F5BD1DEA3A910005017B /* vauvau.cpp */; };
/* End PBXBuildFile section */

/* Begin PBXCopyFilesBuildPhase section */
		A260F5B81DEA3A910005017B /* CopyFiles */ = {
			isa = PBXCopyFilesBuildPhase;
			buildActionMask = 2147483647;
			dstPath = /usr/share/man/man1/;
			dstSubfolderSpec = 0;
			files = (
			);
			runOnlyForDeploymentPostprocessing = 1;
		};
/* End PBXCopyFilesBuildPhase section */

/* Begin PBXFileReference section */
		A260F5BA1DEA3A910005017B /* vauvau */ = {isa = PBXFileReference; explicitFileType = "compiled.mach-o.executable"; includeInIndex = 0; path = vauvau; sourceTree = BUILT_PRODUCTS_DIR; };
		A260F5BD1DEA3A910005017B /* vauvau.cpp */ = {isa = PBXFileReference; lastKnownFileType = sourcecode.cpp.cpp; path = vauvau.cpp; sourceTree = "<group>"; };
/* End PBXFileReference section */

/* Begin PBXFrameworksBuildPhase section */
		A260F5B71DEA3A910005017B /* Frameworks */ = {
			isa = PBXFrameworksBuildPhase;
			buildActionMask = 2147483647;
			files = (
			);
			runOnlyForDeploymentPostprocessing = 0;
		};
/* End PBXFrameworksBuildPhase section */

/* Begin PBXGroup section */
		A260F5B11DEA3A910005017B = {
			isa = PBXGroup;
			children = (
				A260F5BC1DEA3A910005017B /* vauvau */,
				A260F5BB1DEA3A910005017B /* Products */,
			);
			sourceTree = "<group>";
		};
		A260F5BB1DEA3A910005017B /* Products */ = {
			isa = PBXGroup;
			children = (
				A260F5BA1DEA3A910005017B /* vauvau */,
			);
			name = Products;
			sourceTree = "<group>";
		};
		A260F5BC1DEA3A910005017B /* vauvau */ = {
			isa = PBXGroup;
			children = (
				A260F5BD1DEA3A910005017B /* vauvau.cpp */,
			);
			path = vauvau;
			sourceTree = "<group>";
		};
/* End PBXGroup section */

/* Begin PBXNativeTarget section */
		A260F5B91DEA3A910005017B /* vauvau */ = {
			isa = PBXNativeTarget;
			buildConfigurationList = A260F5C11DEA3A910005017B /* Build configuration list for PBXNativeTarget "vauvau" */;
			buildPhases = (
				A260F5B61DEA3A910005017B /* Sources */,
				A260F5B71DEA3A910005017B /* Frameworks */,
				A260F5B81DEA3A910005017B /* CopyFiles */,
			);
			buildRules = (
			);
			dependencies = (
			);
			name = vauvau;
			productName = vauvau;
			productReference = A260F5BA1DEA3A910005017B /* vauvau */;
			productType = "com.apple.product-type.tool";
		};
/* End PBXNativeTarget section */

/* Begin PBXProject section */
		A260F5B21DEA3A910005017B /* Project object */ = {
			isa = PBXProject;
			attributes = {
				LastUpgradeCheck = 0610;
				ORGANIZATIONNAME = k;
				TargetAttributes = {
					A260F5B91DEA3A910005017B = {
						CreatedOnToolsVersion = 6.1;
					};
				};
			};
			buildConfigurationList = A260F5B51DEA3A910005017B /* Build configuration list for PBXProject "vauvau" */;
			compatibilityVersion = "Xcode 3.2";
			developmentRegion = English;
			hasScannedForEncodings = 0;
			knownRegions = (
				en,
			);
			mainGroup = A260F5B11DEA3A910005017B;
			productRefGroup = A260F5BB1DEA3A910005017B /* Products */;
			projectDirPath = "";
			projectRoot = "";
			targets = (
				A260F5B91DEA3A910005017B /* vauvau */,
			);
		};
/* End PBXProject section */

/* Begin PBXSourcesBuildPhase section */
		A260F5B61DEA3A910005017B /* Sources */ = {
			isa = PBXSourcesBuildPhase;
			buildActionMask = 2147483647;
			files = (
				A260F5BE1DEA3A910005017B /* vauvau.cpp in Sources */,
			);
			runOnlyForDeploymentPostprocessing = 0;
		};
/* End PBXSourcesBuildPhase section */

/* Begin XCBuildConfiguration section */
		A260F5BF1DEA3A910005017B /* Debug */ = {
			isa = XCBuildConfiguration;
			buildSettings = {
				ALWAYS_SEARCH_USER_PATHS = NO;
				CLANG_CXX_LANGUAGE_STANDARD = "gnu++0x";
				CLANG_CXX_LIBRARY = "libc++";
				CLANG_ENABLE_MODULES = YES;
				CLANG_ENABLE_OBJC_ARC = YES;
				CLANG_WARN_BOOL_CONVERSION = YES;
				CLANG_WARN_CONSTANT_CONVERSION = YES;
				CLANG_WARN_DIRECT_OBJC_ISA_USAGE = YES_ERROR;
				CLANG_WARN_EMPTY_BODY = YES;
				CLANG_WARN_ENUM_CONVERSION = YES;
				CLANG_WARN_INT_CONVERSION = YES;
				CLANG_WARN_OBJC_ROOT_CLASS = YES_ERROR;
				CLANG_WARN_UNREACHABLE_CODE = YES;
				CLANG_WARN__DUPLICATE_METHOD_MATCH = YES;
				COPY_PHASE_STRIP = NO;
				ENABLE_STRICT_OBJC_MSGSEND = YES;
				GCC_C_LANGUAGE_STANDARD = gnu99;
				GCC_DYNAMIC_NO_PIC = NO;
				GCC_OPTIMIZATION_LEVEL = 0;
				GCC_PREPROCESSOR_DEFINITIONS = (
					"DEBUG=1",
					"$(inherited)",
				);
				GCC_SYMBOLS_PRIVATE_EXTERN = NO;
				GCC_WARN_64_TO_32_BIT_CONVERSION = YES;
				GCC_WARN_ABOUT_RETURN_TYPE = YES_ERROR;
				GCC_WARN_UNDECLARED_SELECTOR = YES;
				GCC_WARN_UNINITIALIZED_AUTOS = YES_AGGRESSIVE;
				GCC_WARN_UNUSED_FUNCTION = YES;
				GCC_WARN_UNUSED_VARIABLE = YES;
				MACOSX_DEPLOYMENT_TARGET = 10.10;
				MTL_ENABLE_DEBUG_INFO = YES;
				ONLY_ACTIVE_ARCH = YES;
				SDKROOT = macosx;
			};
			name = Debug;
		};
		A260F5C01DEA3A910005017B /* Release */ = {
			isa = XCBuildConfiguration;
			buildSettings = {
				ALWAYS_SEARCH_USER_PATHS = NO;
				CLANG_CXX_LANGUAGE_STANDARD = "gnu++0x";
				CLANG_CXX_LIBRARY = "libc++";
				CLANG_ENABLE_MODULES = YES;
				CLANG_ENABLE_OBJC_ARC = YES;
				CLANG_WARN_BOOL_CONVERSION = YES;
				CLANG_WARN_CONSTANT_CONVERSION = YES;
				CLANG_WARN_DIRECT_OBJC_ISA_USAGE = YES_ERROR;
				CLANG_WARN_EMPTY_BODY = YES;
				CLANG_WARN_ENUM_CONVERSION = YES;
				CLANG_WARN_INT_CONVERSION = YES;
				CLANG_WARN_OBJC_ROOT_CLASS = YES_ERROR;
				CLANG_WARN_UNREACHABLE_CODE = YES;
				CLANG_WARN__DUPLICATE_METHOD_MATCH = YES;
				COPY_PHASE_STRIP = YES;
				DEBUG_INFORMATION_FORMAT = "dwarf-with-dsym";
				ENABLE_NS_ASSERTIONS = NO;
				ENABLE_STRICT_OBJC_MSGSEND = YES;
				GCC_C_LANGUAGE_STANDARD = gnu99;
				GCC_WARN_64_TO_32_BIT_CONVERSION = YES;
				GCC_WARN_ABOUT_RETURN_TYPE = YES_ERROR;
				GCC_WARN_UNDECLARED_SELECTOR = YES;
				GCC_WARN_UNINITIALIZED_AUTOS = YES_AGGRESSIVE;
				GCC_WARN_UNUSED_FUNCTION = YES;
				GCC_WARN_UNUSED_VARIABLE = YES;
				MACOSX_DEPLOYMENT_TARGET = 10.10;
				MTL_ENABLE_DEBUG_INFO = NO;
				SDKROOT = macosx;
			};
			name = Release;
		};
		A260F5C21DEA3A910005017B /* Debug */ = {
			isa = XCBuildConfiguration;
			buildSettings = {
				PRODUCT_NAME = "$(TARGET_NAME)";
			};
			name = Debug;
		};
		A260F5C31DEA3A910005017B /* Release */ = {
			isa = XCBuildConfiguration;
			buildSettings = {
				PRODUCT_NAME = "$(TARGET_NAME)";
			};
			name = Release;
		};
/* End XCBuildConfiguration section */

/* Begin XCConfigurationList section */
		A260F5B51DEA3A910005017B /* Build configuration list for PBXProject "vauvau" */ = {
			isa = XCConfigurationList;
			buildConfigurations = (
				A260F5BF1DEA3A910005017B /* Debug */,
				A260F5C01DEA3A910005017B /* Release */,
			);
			defaultConfigurationIsVisible = 0;
			defaultConfigurationName = Release;
		};
		A260F5C11DEA3A910005017B /* Build configuration list for PBXNativeTarget "vauvau" */ = {
			isa = XCConfigurationList;
			buildConfigurations = (
				A260F5C21DEA3A910005017B /* Debug */,
				A260F5C31DEA3A910005017B /* Release */,
			);
			defaultConfigurationIsVisible = 0;
		};
/* End XCConfigurationList section */
	};
	rootObject = A260F5B21DEA3A910005017B /* Project object */;
}
